// !$*UTF8*$!
{
	archiveVersion = 1;
	classes = {
	};
	objectVersion = 46;
	objects = {

/* Begin PBXBuildFile section */
		38688FD21E832296007558C7 /* OrdersTableViewController.swift in Sources */ = {isa = PBXBuildFile; fileRef = 38688FD11E832296007558C7 /* OrdersTableViewController.swift */; };
		38688FD41E83283A007558C7 /* PendingOrderCustomCell.swift in Sources */ = {isa = PBXBuildFile; fileRef = 38688FD31E83283A007558C7 /* PendingOrderCustomCell.swift */; };
		38688FD81E833780007558C7 /* ReceivedOrderCustomCell.swift in Sources */ = {isa = PBXBuildFile; fileRef = 38688FD71E833780007558C7 /* ReceivedOrderCustomCell.swift */; };
		38688FDA1E836B80007558C7 /* OrderDetailViewController.swift in Sources */ = {isa = PBXBuildFile; fileRef = 38688FD91E836B80007558C7 /* OrderDetailViewController.swift */; };
		38688FDC1E836D89007558C7 /* OrderDetailViewControllerDelegate.swift in Sources */ = {isa = PBXBuildFile; fileRef = 38688FDB1E836D89007558C7 /* OrderDetailViewControllerDelegate.swift */; };
		9613A34F1E8A1A9500061DDC /* DashboardViewController.swift in Sources */ = {isa = PBXBuildFile; fileRef = 9613A34E1E8A1A9500061DDC /* DashboardViewController.swift */; };
		9613A3511E8A1C7400061DDC /* SelectCompanyTableViewController.swift in Sources */ = {isa = PBXBuildFile; fileRef = 9613A3501E8A1C7400061DDC /* SelectCompanyTableViewController.swift */; };
		9613A3551E8A1CAE00061DDC /* EnterOrderViewController.swift in Sources */ = {isa = PBXBuildFile; fileRef = 9613A3541E8A1CAE00061DDC /* EnterOrderViewController.swift */; };
		9613A3571E8A1CB800061DDC /* ConfirmOrderViewController.swift in Sources */ = {isa = PBXBuildFile; fileRef = 9613A3561E8A1CB800061DDC /* ConfirmOrderViewController.swift */; };
		9613A3591E8A21B600061DDC /* SelectCompanyTableViewCell.swift in Sources */ = {isa = PBXBuildFile; fileRef = 9613A3581E8A21B600061DDC /* SelectCompanyTableViewCell.swift */; };
		9613A35B1E8A24A100061DDC /* SelectProductsTableViewCell.swift in Sources */ = {isa = PBXBuildFile; fileRef = 9613A35A1E8A24A100061DDC /* SelectProductsTableViewCell.swift */; };
		9644C4D71E87825000B47AA0 /* PublicAttributes.swift in Sources */ = {isa = PBXBuildFile; fileRef = 9644C4D61E87825000B47AA0 /* PublicAttributes.swift */; };
		9655461D1E89B60F0062157E /* Orders.storyboard in Resources */ = {isa = PBXBuildFile; fileRef = 9655461B1E89B60F0062157E /* Orders.storyboard */; };
		965546201E89B6850062157E /* Users.storyboard in Resources */ = {isa = PBXBuildFile; fileRef = 9655461F1E89B6850062157E /* Users.storyboard */; };
		965546241E89B7050062157E /* Companies.storyboard in Resources */ = {isa = PBXBuildFile; fileRef = 965546221E89B7050062157E /* Companies.storyboard */; };
		965546271E89B81F0062157E /* User_Model.swift in Sources */ = {isa = PBXBuildFile; fileRef = 965546261E89B81F0062157E /* User_Model.swift */; };
		965546291E89C4320062157E /* Login_Registration_Model.swift in Sources */ = {isa = PBXBuildFile; fileRef = 965546281E89C4320062157E /* Login_Registration_Model.swift */; };
		9655462B1E89C5C30062157E /* DashboardModel.swift in Sources */ = {isa = PBXBuildFile; fileRef = 9655462A1E89C5C30062157E /* DashboardModel.swift */; };
		9655462D1E89C77F0062157E /* InventoryModel.swift in Sources */ = {isa = PBXBuildFile; fileRef = 9655462C1E89C77F0062157E /* InventoryModel.swift */; };
		9655462F1E89C78E0062157E /* OrderModel.swift in Sources */ = {isa = PBXBuildFile; fileRef = 9655462E1E89C78E0062157E /* OrderModel.swift */; };
		9671720C1E89A55300B9234B /* Main.storyboard in Resources */ = {isa = PBXBuildFile; fileRef = 9671720A1E89A55300B9234B /* Main.storyboard */; };
		9671720F1E89A65400B9234B /* AddOrder.storyboard in Resources */ = {isa = PBXBuildFile; fileRef = 9671720E1E89A65400B9234B /* AddOrder.storyboard */; };
		967172131E89A6AD00B9234B /* Dashboard.storyboard in Resources */ = {isa = PBXBuildFile; fileRef = 967172111E89A6AD00B9234B /* Dashboard.storyboard */; };
		967172161E89A81400B9234B /* Inventory.storyboard in Resources */ = {isa = PBXBuildFile; fileRef = 967172151E89A81400B9234B /* Inventory.storyboard */; };
		9671E9751E820D830057F30A /* AppDelegate.swift in Sources */ = {isa = PBXBuildFile; fileRef = 9671E9741E820D830057F30A /* AppDelegate.swift */; };
		9671E9771E820D830057F30A /* LoginViewController.swift in Sources */ = {isa = PBXBuildFile; fileRef = 9671E9761E820D830057F30A /* LoginViewController.swift */; };
		9671E97A1E820D830057F30A /* Login.storyboard in Resources */ = {isa = PBXBuildFile; fileRef = 9671E9781E820D830057F30A /* Login.storyboard */; };
		9671E97D1E820D830057F30A /* Inventory_Management.xcdatamodeld in Sources */ = {isa = PBXBuildFile; fileRef = 9671E97B1E820D830057F30A /* Inventory_Management.xcdatamodeld */; };
		9671E97F1E820D830057F30A /* Assets.xcassets in Resources */ = {isa = PBXBuildFile; fileRef = 9671E97E1E820D830057F30A /* Assets.xcassets */; };
		9671E9821E820D830057F30A /* LaunchScreen.storyboard in Resources */ = {isa = PBXBuildFile; fileRef = 9671E9801E820D830057F30A /* LaunchScreen.storyboard */; };
		9671E98D1E820D830057F30A /* Inventory_ManagementTests.swift in Sources */ = {isa = PBXBuildFile; fileRef = 9671E98C1E820D830057F30A /* Inventory_ManagementTests.swift */; };
		9671E9981E820D830057F30A /* Inventory_ManagementUITests.swift in Sources */ = {isa = PBXBuildFile; fileRef = 9671E9971E820D830057F30A /* Inventory_ManagementUITests.swift */; };
		969715C31E874EB100BD3BDE /* InventoryItemCustomCell.swift in Sources */ = {isa = PBXBuildFile; fileRef = 969715C21E874EB100BD3BDE /* InventoryItemCustomCell.swift */; };
		969715C51E874F1B00BD3BDE /* IncomingShipmentTableViewCell.swift in Sources */ = {isa = PBXBuildFile; fileRef = 969715C41E874F1B00BD3BDE /* IncomingShipmentTableViewCell.swift */; };
		969715C71E874F3200BD3BDE /* CurrentInventoryTableViewCell.swift in Sources */ = {isa = PBXBuildFile; fileRef = 969715C61E874F3200BD3BDE /* CurrentInventoryTableViewCell.swift */; };
		96AACF391E8CA30D00B43CCE /* ProductTableViewCell.swift in Sources */ = {isa = PBXBuildFile; fileRef = 96AACF381E8CA30C00B43CCE /* ProductTableViewCell.swift */; };
		96CC06911E8B0274008844A3 /* SelectProductsViewController.swift in Sources */ = {isa = PBXBuildFile; fileRef = 96CC06901E8B0274008844A3 /* SelectProductsViewController.swift */; };
		96CC06931E8B0CDC008844A3 /* OrderDetailsTableViewCell.swift in Sources */ = {isa = PBXBuildFile; fileRef = 96CC06921E8B0CDC008844A3 /* OrderDetailsTableViewCell.swift */; };
		96EE7BB11E845D450077057D /* DashboardSections.swift in Sources */ = {isa = PBXBuildFile; fileRef = 96EE7BB01E845D450077057D /* DashboardSections.swift */; };
		9D06ECA11E83983A005D5CDC /* User+CoreDataClass.swift in Sources */ = {isa = PBXBuildFile; fileRef = 9D06EC9F1E83983A005D5CDC /* User+CoreDataClass.swift */; };
		9D06ECA21E83983A005D5CDC /* User+CoreDataProperties.swift in Sources */ = {isa = PBXBuildFile; fileRef = 9D06ECA01E83983A005D5CDC /* User+CoreDataProperties.swift */; };
		9D1A7EFC1E83796600AA35B9 /* RegisterViewController.swift in Sources */ = {isa = PBXBuildFile; fileRef = 9D1A7EFB1E83796600AA35B9 /* RegisterViewController.swift */; };
		9D1A7EFE1E837ACC00AA35B9 /* CancelButtonDelegate.swift in Sources */ = {isa = PBXBuildFile; fileRef = 9D1A7EFD1E837ACC00AA35B9 /* CancelButtonDelegate.swift */; };
		9D6CA0061E8316B700B3C939 /* CompaniesTableViewController.swift in Sources */ = {isa = PBXBuildFile; fileRef = 9D6CA0051E8316B700B3C939 /* CompaniesTableViewController.swift */; };
		9D6CA0081E83171800B3C939 /* CompaniesCustomCell.swift in Sources */ = {isa = PBXBuildFile; fileRef = 9D6CA0071E83171800B3C939 /* CompaniesCustomCell.swift */; };
		9D6CA00A1E83211100B3C939 /* UsersViewController.swift in Sources */ = {isa = PBXBuildFile; fileRef = 9D6CA0091E83211100B3C939 /* UsersViewController.swift */; };
		9D6CA00C1E83217700B3C939 /* UsersCustomCell.swift in Sources */ = {isa = PBXBuildFile; fileRef = 9D6CA00B1E83217700B3C939 /* UsersCustomCell.swift */; };
		9D6CA00E1E8323FC00B3C939 /* CompanyViewController.swift in Sources */ = {isa = PBXBuildFile; fileRef = 9D6CA00D1E8323FC00B3C939 /* CompanyViewController.swift */; };
		9D6CA0101E83258900B3C939 /* CompanyItemsCustomCell.swift in Sources */ = {isa = PBXBuildFile; fileRef = 9D6CA00F1E83258900B3C939 /* CompanyItemsCustomCell.swift */; };
		9D6CA0121E832AB000B3C939 /* backButtonDelegate.swift in Sources */ = {isa = PBXBuildFile; fileRef = 9D6CA0111E832AB000B3C939 /* backButtonDelegate.swift */; };
		9D6CA0141E832C2E00B3C939 /* InventoryViewController.swift in Sources */ = {isa = PBXBuildFile; fileRef = 9D6CA0131E832C2E00B3C939 /* InventoryViewController.swift */; };
		9D6CA0181E83325C00B3C939 /* InventoryHeaderCustomCell.swift in Sources */ = {isa = PBXBuildFile; fileRef = 9D6CA0171E83325C00B3C939 /* InventoryHeaderCustomCell.swift */; };
		9D72DC961E8D87F20025E97E /* UpdateSellPriceViewController.swift in Sources */ = {isa = PBXBuildFile; fileRef = 9D72DC951E8D87F20025E97E /* UpdateSellPriceViewController.swift */; };
		9D72DC981E8D88900025E97E /* UpdateDelegate.swift in Sources */ = {isa = PBXBuildFile; fileRef = 9D72DC971E8D88900025E97E /* UpdateDelegate.swift */; };
		9DB7ACCF1E89CE87006F72E6 /* Company_Model.swift in Sources */ = {isa = PBXBuildFile; fileRef = 9DB7ACCE1E89CE87006F72E6 /* Company_Model.swift */; };
		9DDE8EFD1E8ADC7500872B93 /* UserViewController.swift in Sources */ = {isa = PBXBuildFile; fileRef = 9DDE8EFC1E8ADC7500872B93 /* UserViewController.swift */; };
		9DDE8EFF1E8AFD7A00872B93 /* OrdersSection.swift in Sources */ = {isa = PBXBuildFile; fileRef = 9DDE8EFE1E8AFD7A00872B93 /* OrdersSection.swift */; };
		9DDE8F011E8B0EA200872B93 /* OrderViewController.swift in Sources */ = {isa = PBXBuildFile; fileRef = 9DDE8F001E8B0EA200872B93 /* OrderViewController.swift */; };
		9DE86EE41E8C4EEC00682F2E /* ProductCell.swift in Sources */ = {isa = PBXBuildFile; fileRef = 9DE86EE31E8C4EEC00682F2E /* ProductCell.swift */; };
		9DE86EE61E8C7EBC00682F2E /* UserInventory.storyboard in Resources */ = {isa = PBXBuildFile; fileRef = 9DE86EE51E8C7EBC00682F2E /* UserInventory.storyboard */; };
		9DE86EE91E8C7FDD00682F2E /* UserInventoryTableViewController.swift in Sources */ = {isa = PBXBuildFile; fileRef = 9DE86EE81E8C7FDD00682F2E /* UserInventoryTableViewController.swift */; };
/* End PBXBuildFile section */

/* Begin PBXContainerItemProxy section */
		9671E9891E820D830057F30A /* PBXContainerItemProxy */ = {
			isa = PBXContainerItemProxy;
			containerPortal = 9671E9691E820D830057F30A /* Project object */;
			proxyType = 1;
			remoteGlobalIDString = 9671E9701E820D830057F30A;
			remoteInfo = "Inventory Management";
		};
		9671E9941E820D830057F30A /* PBXContainerItemProxy */ = {
			isa = PBXContainerItemProxy;
			containerPortal = 9671E9691E820D830057F30A /* Project object */;
			proxyType = 1;
			remoteGlobalIDString = 9671E9701E820D830057F30A;
			remoteInfo = "Inventory Management";
		};
/* End PBXContainerItemProxy section */

/* Begin PBXFileReference section */
		38688FD11E832296007558C7 /* OrdersTableViewController.swift */ = {isa = PBXFileReference; fileEncoding = 4; lastKnownFileType = sourcecode.swift; path = OrdersTableViewController.swift; sourceTree = "<group>"; };
		38688FD31E83283A007558C7 /* PendingOrderCustomCell.swift */ = {isa = PBXFileReference; fileEncoding = 4; lastKnownFileType = sourcecode.swift; path = PendingOrderCustomCell.swift; sourceTree = "<group>"; };
		38688FD71E833780007558C7 /* ReceivedOrderCustomCell.swift */ = {isa = PBXFileReference; fileEncoding = 4; lastKnownFileType = sourcecode.swift; path = ReceivedOrderCustomCell.swift; sourceTree = "<group>"; };
		38688FD91E836B80007558C7 /* OrderDetailViewController.swift */ = {isa = PBXFileReference; fileEncoding = 4; lastKnownFileType = sourcecode.swift; path = OrderDetailViewController.swift; sourceTree = "<group>"; };
		38688FDB1E836D89007558C7 /* OrderDetailViewControllerDelegate.swift */ = {isa = PBXFileReference; fileEncoding = 4; lastKnownFileType = sourcecode.swift; path = OrderDetailViewControllerDelegate.swift; sourceTree = "<group>"; };
		9613A34E1E8A1A9500061DDC /* DashboardViewController.swift */ = {isa = PBXFileReference; fileEncoding = 4; lastKnownFileType = sourcecode.swift; path = DashboardViewController.swift; sourceTree = "<group>"; };
		9613A3501E8A1C7400061DDC /* SelectCompanyTableViewController.swift */ = {isa = PBXFileReference; fileEncoding = 4; lastKnownFileType = sourcecode.swift; path = SelectCompanyTableViewController.swift; sourceTree = "<group>"; };
		9613A3541E8A1CAE00061DDC /* EnterOrderViewController.swift */ = {isa = PBXFileReference; fileEncoding = 4; lastKnownFileType = sourcecode.swift; path = EnterOrderViewController.swift; sourceTree = "<group>"; };
		9613A3561E8A1CB800061DDC /* ConfirmOrderViewController.swift */ = {isa = PBXFileReference; fileEncoding = 4; lastKnownFileType = sourcecode.swift; path = ConfirmOrderViewController.swift; sourceTree = "<group>"; };
		9613A3581E8A21B600061DDC /* SelectCompanyTableViewCell.swift */ = {isa = PBXFileReference; fileEncoding = 4; lastKnownFileType = sourcecode.swift; path = SelectCompanyTableViewCell.swift; sourceTree = "<group>"; };
		9613A35A1E8A24A100061DDC /* SelectProductsTableViewCell.swift */ = {isa = PBXFileReference; fileEncoding = 4; lastKnownFileType = sourcecode.swift; path = SelectProductsTableViewCell.swift; sourceTree = "<group>"; };
		9644C4D61E87825000B47AA0 /* PublicAttributes.swift */ = {isa = PBXFileReference; fileEncoding = 4; lastKnownFileType = sourcecode.swift; path = PublicAttributes.swift; sourceTree = "<group>"; };
		9655461C1E89B60F0062157E /* Base */ = {isa = PBXFileReference; lastKnownFileType = file.storyboard; name = Base; path = Base.lproj/Orders.storyboard; sourceTree = "<group>"; };
		9655461F1E89B6850062157E /* Users.storyboard */ = {isa = PBXFileReference; fileEncoding = 4; lastKnownFileType = file.storyboard; path = Users.storyboard; sourceTree = "<group>"; };
		965546231E89B7050062157E /* Base */ = {isa = PBXFileReference; lastKnownFileType = file.storyboard; name = Base; path = Base.lproj/Companies.storyboard; sourceTree = "<group>"; };
		965546261E89B81F0062157E /* User_Model.swift */ = {isa = PBXFileReference; fileEncoding = 4; lastKnownFileType = sourcecode.swift; path = User_Model.swift; sourceTree = "<group>"; };
		965546281E89C4320062157E /* Login_Registration_Model.swift */ = {isa = PBXFileReference; fileEncoding = 4; lastKnownFileType = sourcecode.swift; path = Login_Registration_Model.swift; sourceTree = "<group>"; };
		9655462A1E89C5C30062157E /* DashboardModel.swift */ = {isa = PBXFileReference; fileEncoding = 4; lastKnownFileType = sourcecode.swift; path = DashboardModel.swift; sourceTree = "<group>"; };
		9655462C1E89C77F0062157E /* InventoryModel.swift */ = {isa = PBXFileReference; fileEncoding = 4; lastKnownFileType = sourcecode.swift; path = InventoryModel.swift; sourceTree = "<group>"; };
		9655462E1E89C78E0062157E /* OrderModel.swift */ = {isa = PBXFileReference; fileEncoding = 4; lastKnownFileType = sourcecode.swift; path = OrderModel.swift; sourceTree = "<group>"; };
		9671720B1E89A55300B9234B /* Base */ = {isa = PBXFileReference; lastKnownFileType = file.storyboard; name = Base; path = Base.lproj/Main.storyboard; sourceTree = "<group>"; };
		9671720E1E89A65400B9234B /* AddOrder.storyboard */ = {isa = PBXFileReference; fileEncoding = 4; lastKnownFileType = file.storyboard; path = AddOrder.storyboard; sourceTree = "<group>"; };
		967172121E89A6AD00B9234B /* Base */ = {isa = PBXFileReference; lastKnownFileType = file.storyboard; name = Base; path = Base.lproj/Dashboard.storyboard; sourceTree = "<group>"; };
		967172151E89A81400B9234B /* Inventory.storyboard */ = {isa = PBXFileReference; fileEncoding = 4; lastKnownFileType = file.storyboard; path = Inventory.storyboard; sourceTree = "<group>"; };
		9671E9711E820D830057F30A /* Inventory Management.app */ = {isa = PBXFileReference; explicitFileType = wrapper.application; includeInIndex = 0; path = "Inventory Management.app"; sourceTree = BUILT_PRODUCTS_DIR; };
		9671E9741E820D830057F30A /* AppDelegate.swift */ = {isa = PBXFileReference; lastKnownFileType = sourcecode.swift; path = AppDelegate.swift; sourceTree = "<group>"; };
		9671E9761E820D830057F30A /* LoginViewController.swift */ = {isa = PBXFileReference; lastKnownFileType = sourcecode.swift; path = LoginViewController.swift; sourceTree = "<group>"; };
		9671E9791E820D830057F30A /* Base */ = {isa = PBXFileReference; lastKnownFileType = file.storyboard; name = Base; path = Base.lproj/Login.storyboard; sourceTree = "<group>"; };
		9671E97C1E820D830057F30A /* Inventory_Management.xcdatamodel */ = {isa = PBXFileReference; lastKnownFileType = wrapper.xcdatamodel; path = Inventory_Management.xcdatamodel; sourceTree = "<group>"; };
		9671E97E1E820D830057F30A /* Assets.xcassets */ = {isa = PBXFileReference; lastKnownFileType = folder.assetcatalog; path = Assets.xcassets; sourceTree = "<group>"; };
		9671E9811E820D830057F30A /* Base */ = {isa = PBXFileReference; lastKnownFileType = file.storyboard; name = Base; path = Base.lproj/LaunchScreen.storyboard; sourceTree = "<group>"; };
		9671E9831E820D830057F30A /* Info.plist */ = {isa = PBXFileReference; lastKnownFileType = text.plist.xml; path = Info.plist; sourceTree = "<group>"; };
		9671E9881E820D830057F30A /* Inventory ManagementTests.xctest */ = {isa = PBXFileReference; explicitFileType = wrapper.cfbundle; includeInIndex = 0; path = "Inventory ManagementTests.xctest"; sourceTree = BUILT_PRODUCTS_DIR; };
		9671E98C1E820D830057F30A /* Inventory_ManagementTests.swift */ = {isa = PBXFileReference; lastKnownFileType = sourcecode.swift; path = Inventory_ManagementTests.swift; sourceTree = "<group>"; };
		9671E98E1E820D830057F30A /* Info.plist */ = {isa = PBXFileReference; lastKnownFileType = text.plist.xml; path = Info.plist; sourceTree = "<group>"; };
		9671E9931E820D830057F30A /* Inventory ManagementUITests.xctest */ = {isa = PBXFileReference; explicitFileType = wrapper.cfbundle; includeInIndex = 0; path = "Inventory ManagementUITests.xctest"; sourceTree = BUILT_PRODUCTS_DIR; };
		9671E9971E820D830057F30A /* Inventory_ManagementUITests.swift */ = {isa = PBXFileReference; lastKnownFileType = sourcecode.swift; path = Inventory_ManagementUITests.swift; sourceTree = "<group>"; };
		9671E9991E820D830057F30A /* Info.plist */ = {isa = PBXFileReference; lastKnownFileType = text.plist.xml; path = Info.plist; sourceTree = "<group>"; };
		969715C21E874EB100BD3BDE /* InventoryItemCustomCell.swift */ = {isa = PBXFileReference; fileEncoding = 4; lastKnownFileType = sourcecode.swift; path = InventoryItemCustomCell.swift; sourceTree = "<group>"; };
		969715C41E874F1B00BD3BDE /* IncomingShipmentTableViewCell.swift */ = {isa = PBXFileReference; fileEncoding = 4; lastKnownFileType = sourcecode.swift; path = IncomingShipmentTableViewCell.swift; sourceTree = "<group>"; };
		969715C61E874F3200BD3BDE /* CurrentInventoryTableViewCell.swift */ = {isa = PBXFileReference; fileEncoding = 4; lastKnownFileType = sourcecode.swift; path = CurrentInventoryTableViewCell.swift; sourceTree = "<group>"; };
		96AACF381E8CA30C00B43CCE /* ProductTableViewCell.swift */ = {isa = PBXFileReference; fileEncoding = 4; lastKnownFileType = sourcecode.swift; path = ProductTableViewCell.swift; sourceTree = "<group>"; };
		96CC06901E8B0274008844A3 /* SelectProductsViewController.swift */ = {isa = PBXFileReference; fileEncoding = 4; lastKnownFileType = sourcecode.swift; path = SelectProductsViewController.swift; sourceTree = "<group>"; };
		96CC06921E8B0CDC008844A3 /* OrderDetailsTableViewCell.swift */ = {isa = PBXFileReference; fileEncoding = 4; lastKnownFileType = sourcecode.swift; path = OrderDetailsTableViewCell.swift; sourceTree = "<group>"; };
		96EE7BB01E845D450077057D /* DashboardSections.swift */ = {isa = PBXFileReference; fileEncoding = 4; lastKnownFileType = sourcecode.swift; path = DashboardSections.swift; sourceTree = "<group>"; };
		9D06EC9F1E83983A005D5CDC /* User+CoreDataClass.swift */ = {isa = PBXFileReference; fileEncoding = 4; lastKnownFileType = sourcecode.swift; path = "User+CoreDataClass.swift"; sourceTree = "<group>"; };
		9D06ECA01E83983A005D5CDC /* User+CoreDataProperties.swift */ = {isa = PBXFileReference; fileEncoding = 4; lastKnownFileType = sourcecode.swift; path = "User+CoreDataProperties.swift"; sourceTree = "<group>"; };
		9D1A7EFB1E83796600AA35B9 /* RegisterViewController.swift */ = {isa = PBXFileReference; fileEncoding = 4; lastKnownFileType = sourcecode.swift; path = RegisterViewController.swift; sourceTree = "<group>"; };
		9D1A7EFD1E837ACC00AA35B9 /* CancelButtonDelegate.swift */ = {isa = PBXFileReference; fileEncoding = 4; lastKnownFileType = sourcecode.swift; path = CancelButtonDelegate.swift; sourceTree = "<group>"; };
		9D6CA0051E8316B700B3C939 /* CompaniesTableViewController.swift */ = {isa = PBXFileReference; fileEncoding = 4; lastKnownFileType = sourcecode.swift; path = CompaniesTableViewController.swift; sourceTree = "<group>"; };
		9D6CA0071E83171800B3C939 /* CompaniesCustomCell.swift */ = {isa = PBXFileReference; fileEncoding = 4; lastKnownFileType = sourcecode.swift; path = CompaniesCustomCell.swift; sourceTree = "<group>"; };
		9D6CA0091E83211100B3C939 /* UsersViewController.swift */ = {isa = PBXFileReference; fileEncoding = 4; lastKnownFileType = sourcecode.swift; path = UsersViewController.swift; sourceTree = "<group>"; };
		9D6CA00B1E83217700B3C939 /* UsersCustomCell.swift */ = {isa = PBXFileReference; fileEncoding = 4; lastKnownFileType = sourcecode.swift; path = UsersCustomCell.swift; sourceTree = "<group>"; };
		9D6CA00D1E8323FC00B3C939 /* CompanyViewController.swift */ = {isa = PBXFileReference; fileEncoding = 4; lastKnownFileType = sourcecode.swift; path = CompanyViewController.swift; sourceTree = "<group>"; };
		9D6CA00F1E83258900B3C939 /* CompanyItemsCustomCell.swift */ = {isa = PBXFileReference; fileEncoding = 4; lastKnownFileType = sourcecode.swift; path = CompanyItemsCustomCell.swift; sourceTree = "<group>"; };
		9D6CA0111E832AB000B3C939 /* backButtonDelegate.swift */ = {isa = PBXFileReference; fileEncoding = 4; lastKnownFileType = sourcecode.swift; name = backButtonDelegate.swift; path = ../backButtonDelegate.swift; sourceTree = "<group>"; };
		9D6CA0131E832C2E00B3C939 /* InventoryViewController.swift */ = {isa = PBXFileReference; fileEncoding = 4; lastKnownFileType = sourcecode.swift; path = InventoryViewController.swift; sourceTree = "<group>"; };
		9D6CA0171E83325C00B3C939 /* InventoryHeaderCustomCell.swift */ = {isa = PBXFileReference; fileEncoding = 4; lastKnownFileType = sourcecode.swift; name = InventoryHeaderCustomCell.swift; path = ../InventoryHeaderCustomCell.swift; sourceTree = "<group>"; };
		9D72DC951E8D87F20025E97E /* UpdateSellPriceViewController.swift */ = {isa = PBXFileReference; fileEncoding = 4; lastKnownFileType = sourcecode.swift; path = UpdateSellPriceViewController.swift; sourceTree = "<group>"; };
		9D72DC971E8D88900025E97E /* UpdateDelegate.swift */ = {isa = PBXFileReference; fileEncoding = 4; lastKnownFileType = sourcecode.swift; path = UpdateDelegate.swift; sourceTree = "<group>"; };
		9DB7ACCE1E89CE87006F72E6 /* Company_Model.swift */ = {isa = PBXFileReference; fileEncoding = 4; lastKnownFileType = sourcecode.swift; name = Company_Model.swift; path = ../Company_Model.swift; sourceTree = "<group>"; };
		9DDE8EFC1E8ADC7500872B93 /* UserViewController.swift */ = {isa = PBXFileReference; fileEncoding = 4; lastKnownFileType = sourcecode.swift; name = UserViewController.swift; path = ../UserViewController.swift; sourceTree = "<group>"; };
		9DDE8EFE1E8AFD7A00872B93 /* OrdersSection.swift */ = {isa = PBXFileReference; fileEncoding = 4; lastKnownFileType = sourcecode.swift; path = OrdersSection.swift; sourceTree = "<group>"; };
		9DDE8F001E8B0EA200872B93 /* OrderViewController.swift */ = {isa = PBXFileReference; fileEncoding = 4; lastKnownFileType = sourcecode.swift; path = OrderViewController.swift; sourceTree = "<group>"; };
		9DE86EE31E8C4EEC00682F2E /* ProductCell.swift */ = {isa = PBXFileReference; fileEncoding = 4; lastKnownFileType = sourcecode.swift; path = ProductCell.swift; sourceTree = "<group>"; };
		9DE86EE51E8C7EBC00682F2E /* UserInventory.storyboard */ = {isa = PBXFileReference; fileEncoding = 4; lastKnownFileType = file.storyboard; path = UserInventory.storyboard; sourceTree = "<group>"; };
		9DE86EE81E8C7FDD00682F2E /* UserInventoryTableViewController.swift */ = {isa = PBXFileReference; fileEncoding = 4; lastKnownFileType = sourcecode.swift; path = UserInventoryTableViewController.swift; sourceTree = "<group>"; };
/* End PBXFileReference section */

/* Begin PBXFrameworksBuildPhase section */
		9671E96E1E820D830057F30A /* Frameworks */ = {
			isa = PBXFrameworksBuildPhase;
			buildActionMask = 2147483647;
			files = (
			);
			runOnlyForDeploymentPostprocessing = 0;
		};
		9671E9851E820D830057F30A /* Frameworks */ = {
			isa = PBXFrameworksBuildPhase;
			buildActionMask = 2147483647;
			files = (
			);
			runOnlyForDeploymentPostprocessing = 0;
		};
		9671E9901E820D830057F30A /* Frameworks */ = {
			isa = PBXFrameworksBuildPhase;
			buildActionMask = 2147483647;
			files = (
			);
			runOnlyForDeploymentPostprocessing = 0;
		};
/* End PBXFrameworksBuildPhase section */

/* Begin PBXGroup section */
		9655461E1E89B62A0062157E /* Orders */ = {
			isa = PBXGroup;
			children = (
				9DDE8EFE1E8AFD7A00872B93 /* OrdersSection.swift */,
				9655462E1E89C78E0062157E /* OrderModel.swift */,
				38688FD31E83283A007558C7 /* PendingOrderCustomCell.swift */,
				9655461B1E89B60F0062157E /* Orders.storyboard */,
				38688FDB1E836D89007558C7 /* OrderDetailViewControllerDelegate.swift */,
				38688FD11E832296007558C7 /* OrdersTableViewController.swift */,
				38688FD91E836B80007558C7 /* OrderDetailViewController.swift */,
				9DDE8F001E8B0EA200872B93 /* OrderViewController.swift */,
				9DE86EE31E8C4EEC00682F2E /* ProductCell.swift */,
			);
			name = Orders;
			sourceTree = "<group>";
		};
		965546211E89B6990062157E /* Users */ = {
			isa = PBXGroup;
			children = (
				9DDE8EFC1E8ADC7500872B93 /* UserViewController.swift */,
				965546261E89B81F0062157E /* User_Model.swift */,
				9655461F1E89B6850062157E /* Users.storyboard */,
				9D6CA0091E83211100B3C939 /* UsersViewController.swift */,
				9D6CA00B1E83217700B3C939 /* UsersCustomCell.swift */,
			);
			name = Users;
			sourceTree = "<group>";
		};
		965546251E89B7240062157E /* Companies */ = {
			isa = PBXGroup;
			children = (
				9DB7ACCE1E89CE87006F72E6 /* Company_Model.swift */,
				965546221E89B7050062157E /* Companies.storyboard */,
				9D6CA00D1E8323FC00B3C939 /* CompanyViewController.swift */,
				9D6CA00F1E83258900B3C939 /* CompanyItemsCustomCell.swift */,
				9D6CA0071E83171800B3C939 /* CompaniesCustomCell.swift */,
				9D6CA0051E8316B700B3C939 /* CompaniesTableViewController.swift */,
			);
			name = Companies;
			sourceTree = "<group>";
		};
		9671720D1E89A60000B9234B /* Login */ = {
			isa = PBXGroup;
			children = (
				9671E9781E820D830057F30A /* Login.storyboard */,
				9671E9761E820D830057F30A /* LoginViewController.swift */,
				9D1A7EFB1E83796600AA35B9 /* RegisterViewController.swift */,
				965546281E89C4320062157E /* Login_Registration_Model.swift */,
			);
			name = Login;
			sourceTree = "<group>";
		};
		967172101E89A67100B9234B /* AddOrder */ = {
			isa = PBXGroup;
			children = (
				9671720E1E89A65400B9234B /* AddOrder.storyboard */,
				9613A3501E8A1C7400061DDC /* SelectCompanyTableViewController.swift */,
				9613A3581E8A21B600061DDC /* SelectCompanyTableViewCell.swift */,
				96CC06901E8B0274008844A3 /* SelectProductsViewController.swift */,
				9613A35A1E8A24A100061DDC /* SelectProductsTableViewCell.swift */,
				9613A3541E8A1CAE00061DDC /* EnterOrderViewController.swift */,
				96CC06921E8B0CDC008844A3 /* OrderDetailsTableViewCell.swift */,
				9613A3561E8A1CB800061DDC /* ConfirmOrderViewController.swift */,
				96AACF381E8CA30C00B43CCE /* ProductTableViewCell.swift */,
			);
			name = AddOrder;
			sourceTree = "<group>";
		};
		967172141E89A7B200B9234B /* Dashboard */ = {
			isa = PBXGroup;
			children = (
				969715C41E874F1B00BD3BDE /* IncomingShipmentTableViewCell.swift */,
				969715C61E874F3200BD3BDE /* CurrentInventoryTableViewCell.swift */,
				967172111E89A6AD00B9234B /* Dashboard.storyboard */,
				9655462A1E89C5C30062157E /* DashboardModel.swift */,
				9613A34E1E8A1A9500061DDC /* DashboardViewController.swift */,
				96EE7BB01E845D450077057D /* DashboardSections.swift */,
			);
			name = Dashboard;
			sourceTree = "<group>";
		};
		967172171E89A84600B9234B /* Inventory */ = {
			isa = PBXGroup;
			children = (
				9655462C1E89C77F0062157E /* InventoryModel.swift */,
				9D6CA0171E83325C00B3C939 /* InventoryHeaderCustomCell.swift */,
				967172151E89A81400B9234B /* Inventory.storyboard */,
				9D72DC971E8D88900025E97E /* UpdateDelegate.swift */,
				9D6CA0131E832C2E00B3C939 /* InventoryViewController.swift */,
				969715C21E874EB100BD3BDE /* InventoryItemCustomCell.swift */,
				9D72DC951E8D87F20025E97E /* UpdateSellPriceViewController.swift */,
			);
			name = Inventory;
			sourceTree = "<group>";
		};
		9671E9681E820D820057F30A = {
			isa = PBXGroup;
			children = (
				9D06EC9F1E83983A005D5CDC /* User+CoreDataClass.swift */,
				9D06ECA01E83983A005D5CDC /* User+CoreDataProperties.swift */,
				9671E9731E820D830057F30A /* Inventory Management */,
				9671E98B1E820D830057F30A /* Inventory ManagementTests */,
				9671E9961E820D830057F30A /* Inventory ManagementUITests */,
				9671E9721E820D830057F30A /* Products */,
			);
			sourceTree = "<group>";
		};
		9671E9721E820D830057F30A /* Products */ = {
			isa = PBXGroup;
			children = (
				9671E9711E820D830057F30A /* Inventory Management.app */,
				9671E9881E820D830057F30A /* Inventory ManagementTests.xctest */,
				9671E9931E820D830057F30A /* Inventory ManagementUITests.xctest */,
			);
			name = Products;
			sourceTree = "<group>";
		};
		9671E9731E820D830057F30A /* Inventory Management */ = {
			isa = PBXGroup;
			children = (
				9DE86EE71E8C7EED00682F2E /* UserInventory */,
				9671E9741E820D830057F30A /* AppDelegate.swift */,
				9671720A1E89A55300B9234B /* Main.storyboard */,
				9671720D1E89A60000B9234B /* Login */,
				967172141E89A7B200B9234B /* Dashboard */,
				967172171E89A84600B9234B /* Inventory */,
				9655461E1E89B62A0062157E /* Orders */,
				967172101E89A67100B9234B /* AddOrder */,
				965546251E89B7240062157E /* Companies */,
				965546211E89B6990062157E /* Users */,
				9671E97E1E820D830057F30A /* Assets.xcassets */,
				9671E9801E820D830057F30A /* LaunchScreen.storyboard */,
				9644C4D61E87825000B47AA0 /* PublicAttributes.swift */,
				9D6CA0111E832AB000B3C939 /* backButtonDelegate.swift */,
				38688FD71E833780007558C7 /* ReceivedOrderCustomCell.swift */,
				9D1A7EFD1E837ACC00AA35B9 /* CancelButtonDelegate.swift */,
				9671E9831E820D830057F30A /* Info.plist */,
				9671E97B1E820D830057F30A /* Inventory_Management.xcdatamodeld */,
			);
			path = "Inventory Management";
			sourceTree = "<group>";
		};
		9671E98B1E820D830057F30A /* Inventory ManagementTests */ = {
			isa = PBXGroup;
			children = (
				9671E98C1E820D830057F30A /* Inventory_ManagementTests.swift */,
				9671E98E1E820D830057F30A /* Info.plist */,
			);
			path = "Inventory ManagementTests";
			sourceTree = "<group>";
		};
		9671E9961E820D830057F30A /* Inventory ManagementUITests */ = {
			isa = PBXGroup;
			children = (
				9671E9971E820D830057F30A /* Inventory_ManagementUITests.swift */,
				9671E9991E820D830057F30A /* Info.plist */,
			);
			path = "Inventory ManagementUITests";
			sourceTree = "<group>";
		};
		9DE86EE71E8C7EED00682F2E /* UserInventory */ = {
			isa = PBXGroup;
			children = (
				9DE86EE51E8C7EBC00682F2E /* UserInventory.storyboard */,
				9DE86EE81E8C7FDD00682F2E /* UserInventoryTableViewController.swift */,
			);
			name = UserInventory;
			sourceTree = "<group>";
		};
/* End PBXGroup section */

/* Begin PBXNativeTarget section */
		9671E9701E820D830057F30A /* Inventory Management */ = {
			isa = PBXNativeTarget;
			buildConfigurationList = 9671E99C1E820D830057F30A /* Build configuration list for PBXNativeTarget "Inventory Management" */;
			buildPhases = (
				9671E96D1E820D830057F30A /* Sources */,
				9671E96E1E820D830057F30A /* Frameworks */,
				9671E96F1E820D830057F30A /* Resources */,
			);
			buildRules = (
			);
			dependencies = (
			);
			name = "Inventory Management";
			productName = "Inventory Management";
			productReference = 9671E9711E820D830057F30A /* Inventory Management.app */;
			productType = "com.apple.product-type.application";
		};
		9671E9871E820D830057F30A /* Inventory ManagementTests */ = {
			isa = PBXNativeTarget;
			buildConfigurationList = 9671E99F1E820D830057F30A /* Build configuration list for PBXNativeTarget "Inventory ManagementTests" */;
			buildPhases = (
				9671E9841E820D830057F30A /* Sources */,
				9671E9851E820D830057F30A /* Frameworks */,
				9671E9861E820D830057F30A /* Resources */,
			);
			buildRules = (
			);
			dependencies = (
				9671E98A1E820D830057F30A /* PBXTargetDependency */,
			);
			name = "Inventory ManagementTests";
			productName = "Inventory ManagementTests";
			productReference = 9671E9881E820D830057F30A /* Inventory ManagementTests.xctest */;
			productType = "com.apple.product-type.bundle.unit-test";
		};
		9671E9921E820D830057F30A /* Inventory ManagementUITests */ = {
			isa = PBXNativeTarget;
			buildConfigurationList = 9671E9A21E820D830057F30A /* Build configuration list for PBXNativeTarget "Inventory ManagementUITests" */;
			buildPhases = (
				9671E98F1E820D830057F30A /* Sources */,
				9671E9901E820D830057F30A /* Frameworks */,
				9671E9911E820D830057F30A /* Resources */,
			);
			buildRules = (
			);
			dependencies = (
				9671E9951E820D830057F30A /* PBXTargetDependency */,
			);
			name = "Inventory ManagementUITests";
			productName = "Inventory ManagementUITests";
			productReference = 9671E9931E820D830057F30A /* Inventory ManagementUITests.xctest */;
			productType = "com.apple.product-type.bundle.ui-testing";
		};
/* End PBXNativeTarget section */

/* Begin PBXProject section */
		9671E9691E820D830057F30A /* Project object */ = {
			isa = PBXProject;
			attributes = {
				LastSwiftUpdateCheck = 0820;
				LastUpgradeCheck = 0820;
				ORGANIZATIONNAME = "Nishant Patel";
				TargetAttributes = {
					9671E9701E820D830057F30A = {
						CreatedOnToolsVersion = 8.2.1;
						DevelopmentTeam = 3P4GJLRRTB;
						ProvisioningStyle = Automatic;
					};
					9671E9871E820D830057F30A = {
						CreatedOnToolsVersion = 8.2.1;
						DevelopmentTeam = 3P4GJLRRTB;
						ProvisioningStyle = Automatic;
						TestTargetID = 9671E9701E820D830057F30A;
					};
					9671E9921E820D830057F30A = {
						CreatedOnToolsVersion = 8.2.1;
						DevelopmentTeam = 3P4GJLRRTB;
						ProvisioningStyle = Automatic;
						TestTargetID = 9671E9701E820D830057F30A;
					};
				};
			};
			buildConfigurationList = 9671E96C1E820D830057F30A /* Build configuration list for PBXProject "Inventory Management" */;
			compatibilityVersion = "Xcode 3.2";
			developmentRegion = English;
			hasScannedForEncodings = 0;
			knownRegions = (
				en,
				Base,
			);
			mainGroup = 9671E9681E820D820057F30A;
			productRefGroup = 9671E9721E820D830057F30A /* Products */;
			projectDirPath = "";
			projectRoot = "";
			targets = (
				9671E9701E820D830057F30A /* Inventory Management */,
				9671E9871E820D830057F30A /* Inventory ManagementTests */,
				9671E9921E820D830057F30A /* Inventory ManagementUITests */,
			);
		};
/* End PBXProject section */

/* Begin PBXResourcesBuildPhase section */
		9671E96F1E820D830057F30A /* Resources */ = {
			isa = PBXResourcesBuildPhase;
			buildActionMask = 2147483647;
			files = (
				965546241E89B7050062157E /* Companies.storyboard in Resources */,
				9671E9821E820D830057F30A /* LaunchScreen.storyboard in Resources */,
				967172131E89A6AD00B9234B /* Dashboard.storyboard in Resources */,
				9DE86EE61E8C7EBC00682F2E /* UserInventory.storyboard in Resources */,
				9671E97F1E820D830057F30A /* Assets.xcassets in Resources */,
				965546201E89B6850062157E /* Users.storyboard in Resources */,
				9671720C1E89A55300B9234B /* Main.storyboard in Resources */,
				967172161E89A81400B9234B /* Inventory.storyboard in Resources */,
				9671720F1E89A65400B9234B /* AddOrder.storyboard in Resources */,
				9671E97A1E820D830057F30A /* Login.storyboard in Resources */,
				9655461D1E89B60F0062157E /* Orders.storyboard in Resources */,
			);
			runOnlyForDeploymentPostprocessing = 0;
		};
		9671E9861E820D830057F30A /* Resources */ = {
			isa = PBXResourcesBuildPhase;
			buildActionMask = 2147483647;
			files = (
			);
			runOnlyForDeploymentPostprocessing = 0;
		};
		9671E9911E820D830057F30A /* Resources */ = {
			isa = PBXResourcesBuildPhase;
			buildActionMask = 2147483647;
			files = (
			);
			runOnlyForDeploymentPostprocessing = 0;
		};
/* End PBXResourcesBuildPhase section */

/* Begin PBXSourcesBuildPhase section */
		9671E96D1E820D830057F30A /* Sources */ = {
			isa = PBXSourcesBuildPhase;
			buildActionMask = 2147483647;
			files = (
				38688FDA1E836B80007558C7 /* OrderDetailViewController.swift in Sources */,
				9DDE8EFD1E8ADC7500872B93 /* UserViewController.swift in Sources */,
				38688FD81E833780007558C7 /* ReceivedOrderCustomCell.swift in Sources */,
				9671E97D1E820D830057F30A /* Inventory_Management.xcdatamodeld in Sources */,
				969715C51E874F1B00BD3BDE /* IncomingShipmentTableViewCell.swift in Sources */,
				9655462D1E89C77F0062157E /* InventoryModel.swift in Sources */,
				96CC06931E8B0CDC008844A3 /* OrderDetailsTableViewCell.swift in Sources */,
				38688FDC1E836D89007558C7 /* OrderDetailViewControllerDelegate.swift in Sources */,
				969715C31E874EB100BD3BDE /* InventoryItemCustomCell.swift in Sources */,
				965546271E89B81F0062157E /* User_Model.swift in Sources */,
				9D6CA0081E83171800B3C939 /* CompaniesCustomCell.swift in Sources */,
				9D6CA0101E83258900B3C939 /* CompanyItemsCustomCell.swift in Sources */,
				9D72DC961E8D87F20025E97E /* UpdateSellPriceViewController.swift in Sources */,
				965546291E89C4320062157E /* Login_Registration_Model.swift in Sources */,
				9655462B1E89C5C30062157E /* DashboardModel.swift in Sources */,
				9D6CA00A1E83211100B3C939 /* UsersViewController.swift in Sources */,
				9D06ECA21E83983A005D5CDC /* User+CoreDataProperties.swift in Sources */,
				9D6CA0121E832AB000B3C939 /* backButtonDelegate.swift in Sources */,
				9DDE8F011E8B0EA200872B93 /* OrderViewController.swift in Sources */,
				9671E9771E820D830057F30A /* LoginViewController.swift in Sources */,
				9D1A7EFE1E837ACC00AA35B9 /* CancelButtonDelegate.swift in Sources */,
				96EE7BB11E845D450077057D /* DashboardSections.swift in Sources */,
				9613A3571E8A1CB800061DDC /* ConfirmOrderViewController.swift in Sources */,
				9D6CA00E1E8323FC00B3C939 /* CompanyViewController.swift in Sources */,
				9613A3511E8A1C7400061DDC /* SelectCompanyTableViewController.swift in Sources */,
				9613A34F1E8A1A9500061DDC /* DashboardViewController.swift in Sources */,
				9613A3551E8A1CAE00061DDC /* EnterOrderViewController.swift in Sources */,
				9D6CA00C1E83217700B3C939 /* UsersCustomCell.swift in Sources */,
				9DB7ACCF1E89CE87006F72E6 /* Company_Model.swift in Sources */,
				9D06ECA11E83983A005D5CDC /* User+CoreDataClass.swift in Sources */,
				96AACF391E8CA30D00B43CCE /* ProductTableViewCell.swift in Sources */,
				9613A35B1E8A24A100061DDC /* SelectProductsTableViewCell.swift in Sources */,
				9D6CA0141E832C2E00B3C939 /* InventoryViewController.swift in Sources */,
				9DDE8EFF1E8AFD7A00872B93 /* OrdersSection.swift in Sources */,
				9D6CA0061E8316B700B3C939 /* CompaniesTableViewController.swift in Sources */,
				9D1A7EFC1E83796600AA35B9 /* RegisterViewController.swift in Sources */,
				9655462F1E89C78E0062157E /* OrderModel.swift in Sources */,
				96CC06911E8B0274008844A3 /* SelectProductsViewController.swift in Sources */,
				9671E9751E820D830057F30A /* AppDelegate.swift in Sources */,
				9613A3591E8A21B600061DDC /* SelectCompanyTableViewCell.swift in Sources */,
				38688FD21E832296007558C7 /* OrdersTableViewController.swift in Sources */,
				38688FD41E83283A007558C7 /* PendingOrderCustomCell.swift in Sources */,
				9DE86EE91E8C7FDD00682F2E /* UserInventoryTableViewController.swift in Sources */,
				9D6CA0181E83325C00B3C939 /* InventoryHeaderCustomCell.swift in Sources */,
				9DE86EE41E8C4EEC00682F2E /* ProductCell.swift in Sources */,
				9D72DC981E8D88900025E97E /* UpdateDelegate.swift in Sources */,
				969715C71E874F3200BD3BDE /* CurrentInventoryTableViewCell.swift in Sources */,
				9644C4D71E87825000B47AA0 /* PublicAttributes.swift in Sources */,
			);
			runOnlyForDeploymentPostprocessing = 0;
		};
		9671E9841E820D830057F30A /* Sources */ = {
			isa = PBXSourcesBuildPhase;
			buildActionMask = 2147483647;
			files = (
				9671E98D1E820D830057F30A /* Inventory_ManagementTests.swift in Sources */,
			);
			runOnlyForDeploymentPostprocessing = 0;
		};
		9671E98F1E820D830057F30A /* Sources */ = {
			isa = PBXSourcesBuildPhase;
			buildActionMask = 2147483647;
			files = (
				9671E9981E820D830057F30A /* Inventory_ManagementUITests.swift in Sources */,
			);
			runOnlyForDeploymentPostprocessing = 0;
		};
/* End PBXSourcesBuildPhase section */

/* Begin PBXTargetDependency section */
		9671E98A1E820D830057F30A /* PBXTargetDependency */ = {
			isa = PBXTargetDependency;
			target = 9671E9701E820D830057F30A /* Inventory Management */;
			targetProxy = 9671E9891E820D830057F30A /* PBXContainerItemProxy */;
		};
		9671E9951E820D830057F30A /* PBXTargetDependency */ = {
			isa = PBXTargetDependency;
			target = 9671E9701E820D830057F30A /* Inventory Management */;
			targetProxy = 9671E9941E820D830057F30A /* PBXContainerItemProxy */;
		};
/* End PBXTargetDependency section */

/* Begin PBXVariantGroup section */
		9655461B1E89B60F0062157E /* Orders.storyboard */ = {
			isa = PBXVariantGroup;
			children = (
				9655461C1E89B60F0062157E /* Base */,
			);
			name = Orders.storyboard;
			sourceTree = "<group>";
		};
		965546221E89B7050062157E /* Companies.storyboard */ = {
			isa = PBXVariantGroup;
			children = (
				965546231E89B7050062157E /* Base */,
			);
			name = Companies.storyboard;
			sourceTree = "<group>";
		};
		9671720A1E89A55300B9234B /* Main.storyboard */ = {
			isa = PBXVariantGroup;
			children = (
				9671720B1E89A55300B9234B /* Base */,
			);
			name = Main.storyboard;
			sourceTree = "<group>";
		};
		967172111E89A6AD00B9234B /* Dashboard.storyboard */ = {
			isa = PBXVariantGroup;
			children = (
				967172121E89A6AD00B9234B /* Base */,
			);
			name = Dashboard.storyboard;
			sourceTree = "<group>";
		};
		9671E9781E820D830057F30A /* Login.storyboard */ = {
			isa = PBXVariantGroup;
			children = (
				9671E9791E820D830057F30A /* Base */,
			);
			name = Login.storyboard;
			sourceTree = "<group>";
		};
		9671E9801E820D830057F30A /* LaunchScreen.storyboard */ = {
			isa = PBXVariantGroup;
			children = (
				9671E9811E820D830057F30A /* Base */,
			);
			name = LaunchScreen.storyboard;
			sourceTree = "<group>";
		};
/* End PBXVariantGroup section */

/* Begin XCBuildConfiguration section */
		9671E99A1E820D830057F30A /* Debug */ = {
			isa = XCBuildConfiguration;
			buildSettings = {
				ALWAYS_SEARCH_USER_PATHS = NO;
				CLANG_ANALYZER_NONNULL = YES;
				CLANG_CXX_LANGUAGE_STANDARD = "gnu++0x";
				CLANG_CXX_LIBRARY = "libc++";
				CLANG_ENABLE_MODULES = YES;
				CLANG_ENABLE_OBJC_ARC = YES;
				CLANG_WARN_BOOL_CONVERSION = YES;
				CLANG_WARN_CONSTANT_CONVERSION = YES;
				CLANG_WARN_DIRECT_OBJC_ISA_USAGE = YES_ERROR;
				CLANG_WARN_DOCUMENTATION_COMMENTS = YES;
				CLANG_WARN_EMPTY_BODY = YES;
				CLANG_WARN_ENUM_CONVERSION = YES;
				CLANG_WARN_INFINITE_RECURSION = YES;
				CLANG_WARN_INT_CONVERSION = YES;
				CLANG_WARN_OBJC_ROOT_CLASS = YES_ERROR;
				CLANG_WARN_SUSPICIOUS_MOVE = YES;
				CLANG_WARN_UNREACHABLE_CODE = YES;
				CLANG_WARN__DUPLICATE_METHOD_MATCH = YES;
				"CODE_SIGN_IDENTITY[sdk=iphoneos*]" = "iPhone Developer";
				COPY_PHASE_STRIP = NO;
				DEBUG_INFORMATION_FORMAT = dwarf;
				ENABLE_STRICT_OBJC_MSGSEND = YES;
				ENABLE_TESTABILITY = YES;
				GCC_C_LANGUAGE_STANDARD = gnu99;
				GCC_DYNAMIC_NO_PIC = NO;
				GCC_NO_COMMON_BLOCKS = YES;
				GCC_OPTIMIZATION_LEVEL = 0;
				GCC_PREPROCESSOR_DEFINITIONS = (
					"DEBUG=1",
					"$(inherited)",
				);
				GCC_WARN_64_TO_32_BIT_CONVERSION = YES;
				GCC_WARN_ABOUT_RETURN_TYPE = YES_ERROR;
				GCC_WARN_UNDECLARED_SELECTOR = YES;
				GCC_WARN_UNINITIALIZED_AUTOS = YES_AGGRESSIVE;
				GCC_WARN_UNUSED_FUNCTION = YES;
				GCC_WARN_UNUSED_VARIABLE = YES;
				IPHONEOS_DEPLOYMENT_TARGET = 10.2;
				MTL_ENABLE_DEBUG_INFO = YES;
				ONLY_ACTIVE_ARCH = YES;
				SDKROOT = iphoneos;
				SWIFT_ACTIVE_COMPILATION_CONDITIONS = DEBUG;
				SWIFT_OPTIMIZATION_LEVEL = "-Onone";
				TARGETED_DEVICE_FAMILY = "1,2";
			};
			name = Debug;
		};
		9671E99B1E820D830057F30A /* Release */ = {
			isa = XCBuildConfiguration;
			buildSettings = {
				ALWAYS_SEARCH_USER_PATHS = NO;
				CLANG_ANALYZER_NONNULL = YES;
				CLANG_CXX_LANGUAGE_STANDARD = "gnu++0x";
				CLANG_CXX_LIBRARY = "libc++";
				CLANG_ENABLE_MODULES = YES;
				CLANG_ENABLE_OBJC_ARC = YES;
				CLANG_WARN_BOOL_CONVERSION = YES;
				CLANG_WARN_CONSTANT_CONVERSION = YES;
				CLANG_WARN_DIRECT_OBJC_ISA_USAGE = YES_ERROR;
				CLANG_WARN_DOCUMENTATION_COMMENTS = YES;
				CLANG_WARN_EMPTY_BODY = YES;
				CLANG_WARN_ENUM_CONVERSION = YES;
				CLANG_WARN_INFINITE_RECURSION = YES;
				CLANG_WARN_INT_CONVERSION = YES;
				CLANG_WARN_OBJC_ROOT_CLASS = YES_ERROR;
				CLANG_WARN_SUSPICIOUS_MOVE = YES;
				CLANG_WARN_UNREACHABLE_CODE = YES;
				CLANG_WARN__DUPLICATE_METHOD_MATCH = YES;
				"CODE_SIGN_IDENTITY[sdk=iphoneos*]" = "iPhone Developer";
				COPY_PHASE_STRIP = NO;
				DEBUG_INFORMATION_FORMAT = "dwarf-with-dsym";
				ENABLE_NS_ASSERTIONS = NO;
				ENABLE_STRICT_OBJC_MSGSEND = YES;
				GCC_C_LANGUAGE_STANDARD = gnu99;
				GCC_NO_COMMON_BLOCKS = YES;
				GCC_WARN_64_TO_32_BIT_CONVERSION = YES;
				GCC_WARN_ABOUT_RETURN_TYPE = YES_ERROR;
				GCC_WARN_UNDECLARED_SELECTOR = YES;
				GCC_WARN_UNINITIALIZED_AUTOS = YES_AGGRESSIVE;
				GCC_WARN_UNUSED_FUNCTION = YES;
				GCC_WARN_UNUSED_VARIABLE = YES;
				IPHONEOS_DEPLOYMENT_TARGET = 10.2;
				MTL_ENABLE_DEBUG_INFO = NO;
				SDKROOT = iphoneos;
				SWIFT_OPTIMIZATION_LEVEL = "-Owholemodule";
				TARGETED_DEVICE_FAMILY = "1,2";
				VALIDATE_PRODUCT = YES;
			};
			name = Release;
		};
		9671E99D1E820D830057F30A /* Debug */ = {
			isa = XCBuildConfiguration;
			buildSettings = {
				ASSETCATALOG_COMPILER_APPICON_NAME = AppIcon;
				DEVELOPMENT_TEAM = 3P4GJLRRTB;
				INFOPLIST_FILE = "Inventory Management/Info.plist";
				IPHONEOS_DEPLOYMENT_TARGET = 10.3;
				LD_RUNPATH_SEARCH_PATHS = "$(inherited) @executable_path/Frameworks";
				PRODUCT_BUNDLE_IDENTIFIER = "com.nishantpatel.Inventory-Management";
				PRODUCT_NAME = "$(TARGET_NAME)";
				SWIFT_VERSION = 3.0;
			};
			name = Debug;
		};
		9671E99E1E820D830057F30A /* Release */ = {
			isa = XCBuildConfiguration;
			buildSettings = {
				ASSETCATALOG_COMPILER_APPICON_NAME = AppIcon;
				DEVELOPMENT_TEAM = 3P4GJLRRTB;
				INFOPLIST_FILE = "Inventory Management/Info.plist";
				IPHONEOS_DEPLOYMENT_TARGET = 10.3;
				LD_RUNPATH_SEARCH_PATHS = "$(inherited) @executable_path/Frameworks";
				PRODUCT_BUNDLE_IDENTIFIER = "com.nishantpatel.Inventory-Management";
				PRODUCT_NAME = "$(TARGET_NAME)";
				SWIFT_VERSION = 3.0;
			};
			name = Release;
		};
		9671E9A01E820D830057F30A /* Debug */ = {
			isa = XCBuildConfiguration;
			buildSettings = {
				ALWAYS_EMBED_SWIFT_STANDARD_LIBRARIES = YES;
				BUNDLE_LOADER = "$(TEST_HOST)";
				DEVELOPMENT_TEAM = 3P4GJLRRTB;
				INFOPLIST_FILE = "Inventory ManagementTests/Info.plist";
				LD_RUNPATH_SEARCH_PATHS = "$(inherited) @executable_path/Frameworks @loader_path/Frameworks";
				PRODUCT_BUNDLE_IDENTIFIER = "com.nishantpatel.Inventory-ManagementTests";
				PRODUCT_NAME = "$(TARGET_NAME)";
				SWIFT_VERSION = 3.0;
				TEST_HOST = "$(BUILT_PRODUCTS_DIR)/Inventory Management.app/Inventory Management";
			};
			name = Debug;
		};
		9671E9A11E820D830057F30A /* Release */ = {
			isa = XCBuildConfiguration;
			buildSettings = {
				ALWAYS_EMBED_SWIFT_STANDARD_LIBRARIES = YES;
				BUNDLE_LOADER = "$(TEST_HOST)";
				DEVELOPMENT_TEAM = 3P4GJLRRTB;
				INFOPLIST_FILE = "Inventory ManagementTests/Info.plist";
				LD_RUNPATH_SEARCH_PATHS = "$(inherited) @executable_path/Frameworks @loader_path/Frameworks";
				PRODUCT_BUNDLE_IDENTIFIER = "com.nishantpatel.Inventory-ManagementTests";
				PRODUCT_NAME = "$(TARGET_NAME)";
				SWIFT_VERSION = 3.0;
				TEST_HOST = "$(BUILT_PRODUCTS_DIR)/Inventory Management.app/Inventory Management";
			};
			name = Release;
		};
		9671E9A31E820D830057F30A /* Debug */ = {
			isa = XCBuildConfiguration;
			buildSettings = {
				ALWAYS_EMBED_SWIFT_STANDARD_LIBRARIES = YES;
				DEVELOPMENT_TEAM = 3P4GJLRRTB;
				INFOPLIST_FILE = "Inventory ManagementUITests/Info.plist";
				LD_RUNPATH_SEARCH_PATHS = "$(inherited) @executable_path/Frameworks @loader_path/Frameworks";
				PRODUCT_BUNDLE_IDENTIFIER = "com.nishantpatel.Inventory-ManagementUITests";
				PRODUCT_NAME = "$(TARGET_NAME)";
				SWIFT_VERSION = 3.0;
				TEST_TARGET_NAME = "Inventory Management";
			};
			name = Debug;
		};
		9671E9A41E820D830057F30A /* Release */ = {
			isa = XCBuildConfiguration;
			buildSettings = {
				ALWAYS_EMBED_SWIFT_STANDARD_LIBRARIES = YES;
				DEVELOPMENT_TEAM = 3P4GJLRRTB;
				INFOPLIST_FILE = "Inventory ManagementUITests/Info.plist";
				LD_RUNPATH_SEARCH_PATHS = "$(inherited) @executable_path/Frameworks @loader_path/Frameworks";
				PRODUCT_BUNDLE_IDENTIFIER = "com.nishantpatel.Inventory-ManagementUITests";
				PRODUCT_NAME = "$(TARGET_NAME)";
				SWIFT_VERSION = 3.0;
				TEST_TARGET_NAME = "Inventory Management";
			};
			name = Release;
		};
/* End XCBuildConfiguration section */

/* Begin XCConfigurationList section */
		9671E96C1E820D830057F30A /* Build configuration list for PBXProject "Inventory Management" */ = {
			isa = XCConfigurationList;
			buildConfigurations = (
				9671E99A1E820D830057F30A /* Debug */,
				9671E99B1E820D830057F30A /* Release */,
			);
			defaultConfigurationIsVisible = 0;
			defaultConfigurationName = Release;
		};
		9671E99C1E820D830057F30A /* Build configuration list for PBXNativeTarget "Inventory Management" */ = {
			isa = XCConfigurationList;
			buildConfigurations = (
				9671E99D1E820D830057F30A /* Debug */,
				9671E99E1E820D830057F30A /* Release */,
			);
			defaultConfigurationIsVisible = 0;
			defaultConfigurationName = Release;
		};
		9671E99F1E820D830057F30A /* Build configuration list for PBXNativeTarget "Inventory ManagementTests" */ = {
			isa = XCConfigurationList;
			buildConfigurations = (
				9671E9A01E820D830057F30A /* Debug */,
				9671E9A11E820D830057F30A /* Release */,
			);
			defaultConfigurationIsVisible = 0;
			defaultConfigurationName = Release;
		};
		9671E9A21E820D830057F30A /* Build configuration list for PBXNativeTarget "Inventory ManagementUITests" */ = {
			isa = XCConfigurationList;
			buildConfigurations = (
				9671E9A31E820D830057F30A /* Debug */,
				9671E9A41E820D830057F30A /* Release */,
			);
			defaultConfigurationIsVisible = 0;
			defaultConfigurationName = Release;
		};
/* End XCConfigurationList section */

/* Begin XCVersionGroup section */
		9671E97B1E820D830057F30A /* Inventory_Management.xcdatamodeld */ = {
			isa = XCVersionGroup;
			children = (
				9671E97C1E820D830057F30A /* Inventory_Management.xcdatamodel */,
			);
			currentVersion = 9671E97C1E820D830057F30A /* Inventory_Management.xcdatamodel */;
			path = Inventory_Management.xcdatamodeld;
			sourceTree = "<group>";
			versionGroupType = wrapper.xcdatamodel;
		};
/* End XCVersionGroup section */
	};
	rootObject = 9671E9691E820D830057F30A /* Project object */;
}
